
Microsoft Visual Studio Solution File, Format Version 12.00
# Visual Studio Version 17
VisualStudioVersion = 17.10.34707.107
MinimumVisualStudioVersion = 10.0.40219.1
Project("{FAE04EC0-301F-11D3-BF4B-00C04F79EFBC}") = "Entities", "Entities\Entities.csproj", "{A43AA169-2C81-4E43-80B7-7462C58765E0}"
EndProject
Project("{FAE04EC0-301F-11D3-BF4B-00C04F79EFBC}") = "Business", "Business\Business.csproj", "{C7D6B000-8CAA-42EE-840F-07BB7761416D}"
EndProject
Project("{FAE04EC0-301F-11D3-BF4B-00C04F79EFBC}") = "Workaraound", "Workaraound\Workaraound.csproj", "{1A561D53-0315-4571-B06F-E333F61BA3E2}"
EndProject
Global
	GlobalSection(SolutionConfigurationPlatforms) = preSolution
		Debug|Any CPU = Debug|Any CPU
		Release|Any CPU = Release|Any CPU
	EndGlobalSection
	GlobalSection(ProjectConfigurationPlatforms) = postSolution
		{A43AA169-2C81-4E43-80B7-7462C58765E0}.Debug|Any CPU.ActiveCfg = Debug|Any CPU
		{A43AA169-2C81-4E43-80B7-7462C58765E0}.Debug|Any CPU.Build.0 = Debug|Any CPU
		{A43AA169-2C81-4E43-80B7-7462C58765E0}.Release|Any CPU.ActiveCfg = Release|Any CPU
		{A43AA169-2C81-4E43-80B7-7462C58765E0}.Release|Any CPU.Build.0 = Release|Any CPU
		{C7D6B000-8CAA-42EE-840F-07BB7761416D}.Debug|Any CPU.ActiveCfg = Debug|Any CPU
		{C7D6B000-8CAA-42EE-840F-07BB7761416D}.Debug|Any CPU.Build.0 = Debug|Any CPU
		{C7D6B000-8CAA-42EE-840F-07BB7761416D}.Release|Any CPU.ActiveCfg = Release|Any CPU
		{C7D6B000-8CAA-42EE-840F-07BB7761416D}.Release|Any CPU.Build.0 = Release|Any CPU
		{1A561D53-0315-4571-B06F-E333F61BA3E2}.Debug|Any CPU.ActiveCfg = Debug|Any CPU
		{1A561D53-0315-4571-B06F-E333F61BA3E2}.Debug|Any CPU.Build.0 = Debug|Any CPU
		{1A561D53-0315-4571-B06F-E333F61BA3E2}.Release|Any CPU.ActiveCfg = Release|Any CPU
		{1A561D53-0315-4571-B06F-E333F61BA3E2}.Release|Any CPU.Build.0 = Release|Any CPU
	EndGlobalSection
	GlobalSection(SolutionProperties) = preSolution
		HideSolutionNode = FALSE
	EndGlobalSection
	GlobalSection(ExtensibilityGlobals) = postSolution
		SolutionGuid = {15E679E9-0948-4F98-9166-5059694B746D}
	EndGlobalSection
EndGlobal
